
Microsoft Visual Studio Solution File, Format Version 12.00
# Visual Studio Version 17
VisualStudioVersion = 17.11.35327.3
MinimumVisualStudioVersion = 10.0.40219.1
Project("{9A19103F-16F7-4668-BE54-9A1E7A4F7556}") = "ConsoleApp1", "ConsoleApp1\ConsoleApp1.csproj", "{ABA44F20-D55F-4988-A14C-B79617EF819D}"
EndProject
Project("{9A19103F-16F7-4668-BE54-9A1E7A4F7556}") = "Ex002", "Ex002\Ex002.csproj", "{1BE36487-6EC2-4C4E-84B3-5BFF514ABA0E}"
EndProject
Project("{9A19103F-16F7-4668-BE54-9A1E7A4F7556}") = "ex003", "ex003\ex003.csproj", "{2345EC40-C8C9-4EF2-8E15-5E3FD2072A0C}"
EndProject
Project("{FAE04EC0-301F-11D3-BF4B-00C04F79EFBC}") = "ex004", "ex004\ex004.csproj", "{69BDB4D3-24A9-4F5A-8014-1CBD71BCC8F8}"
EndProject
Global
	GlobalSection(SolutionConfigurationPlatforms) = preSolution
		Debug|Any CPU = Debug|Any CPU
		Release|Any CPU = Release|Any CPU
	EndGlobalSection
	GlobalSection(ProjectConfigurationPlatforms) = postSolution
		{ABA44F20-D55F-4988-A14C-B79617EF819D}.Debug|Any CPU.ActiveCfg = Debug|Any CPU
		{ABA44F20-D55F-4988-A14C-B79617EF819D}.Debug|Any CPU.Build.0 = Debug|Any CPU
		{ABA44F20-D55F-4988-A14C-B79617EF819D}.Release|Any CPU.ActiveCfg = Release|Any CPU
		{ABA44F20-D55F-4988-A14C-B79617EF819D}.Release|Any CPU.Build.0 = Release|Any CPU
		{1BE36487-6EC2-4C4E-84B3-5BFF514ABA0E}.Debug|Any CPU.ActiveCfg = Debug|Any CPU
		{1BE36487-6EC2-4C4E-84B3-5BFF514ABA0E}.Debug|Any CPU.Build.0 = Debug|Any CPU
		{1BE36487-6EC2-4C4E-84B3-5BFF514ABA0E}.Release|Any CPU.ActiveCfg = Release|Any CPU
		{1BE36487-6EC2-4C4E-84B3-5BFF514ABA0E}.Release|Any CPU.Build.0 = Release|Any CPU
		{2345EC40-C8C9-4EF2-8E15-5E3FD2072A0C}.Debug|Any CPU.ActiveCfg = Debug|Any CPU
		{2345EC40-C8C9-4EF2-8E15-5E3FD2072A0C}.Debug|Any CPU.Build.0 = Debug|Any CPU
		{2345EC40-C8C9-4EF2-8E15-5E3FD2072A0C}.Release|Any CPU.ActiveCfg = Release|Any CPU
		{2345EC40-C8C9-4EF2-8E15-5E3FD2072A0C}.Release|Any CPU.Build.0 = Release|Any CPU
		{69BDB4D3-24A9-4F5A-8014-1CBD71BCC8F8}.Debug|Any CPU.ActiveCfg = Debug|Any CPU
		{69BDB4D3-24A9-4F5A-8014-1CBD71BCC8F8}.Debug|Any CPU.Build.0 = Debug|Any CPU
		{69BDB4D3-24A9-4F5A-8014-1CBD71BCC8F8}.Release|Any CPU.ActiveCfg = Release|Any CPU
		{69BDB4D3-24A9-4F5A-8014-1CBD71BCC8F8}.Release|Any CPU.Build.0 = Release|Any CPU
	EndGlobalSection
	GlobalSection(SolutionProperties) = preSolution
		HideSolutionNode = FALSE
	EndGlobalSection
	GlobalSection(ExtensibilityGlobals) = postSolution
		SolutionGuid = {54CEF76A-AC11-41C9-98BB-7441F2DC0F9D}
	EndGlobalSection
EndGlobal
